
Microsoft Visual Studio Solution File, Format Version 12.00
# Visual Studio 15
VisualStudioVersion = 15.0.28307.421
MinimumVisualStudioVersion = 10.0.40219.1
Project("{FAE04EC0-301F-11D3-BF4B-00C04F79EFBC}") = "Array", "Array\Array.csproj", "{2B484F23-943F-4EA2-B19E-2F2B0E0CE913}"
EndProject
Global
	GlobalSection(SolutionConfigurationPlatforms) = preSolution
		Debug|Any CPU = Debug|Any CPU
		Release|Any CPU = Release|Any CPU
	EndGlobalSection
	GlobalSection(ProjectConfigurationPlatforms) = postSolution
		{2B484F23-943F-4EA2-B19E-2F2B0E0CE913}.Debug|Any CPU.ActiveCfg = Debug|Any CPU
		{2B484F23-943F-4EA2-B19E-2F2B0E0CE913}.Debug|Any CPU.Build.0 = Debug|Any CPU
		{2B484F23-943F-4EA2-B19E-2F2B0E0CE913}.Release|Any CPU.ActiveCfg = Release|Any CPU
		{2B484F23-943F-4EA2-B19E-2F2B0E0CE913}.Release|Any CPU.Build.0 = Release|Any CPU
	EndGlobalSection
	GlobalSection(SolutionProperties) = preSolution
		HideSolutionNode = FALSE
	EndGlobalSection
	GlobalSection(ExtensibilityGlobals) = postSolution
		SolutionGuid = {9CA9EF81-252F-495A-BFB1-49B9FFB03C33}
	EndGlobalSection
EndGlobal
